
Microsoft Visual Studio Solution File, Format Version 12.00
# Visual Studio Version 17
VisualStudioVersion = 17.9.34607.119
MinimumVisualStudioVersion = 10.0.40219.1
Project("{9A19103F-16F7-4668-BE54-9A1E7A4F7556}") = "Celani.Magic.UnifiedDownloader.Web", "Celani.Magic.UnifiedDownloader\Celani.Magic.UnifiedDownloader.Web.csproj", "{6DFEDE7E-8068-481B-A0ED-A2F4F900BA12}"
EndProject
Project("{9A19103F-16F7-4668-BE54-9A1E7A4F7556}") = "Celani.Magic.Downloader.Moxfield", "Celani.Magic.Downloader.Moxfield\Celani.Magic.Downloader.Moxfield.csproj", "{B06BF442-F42A-40DF-8429-1E4D1BA204AA}"
EndProject
Project("{9A19103F-16F7-4668-BE54-9A1E7A4F7556}") = "Celani.Magic.UnifiedDownloader.Api", "Celani.Magic.UnifiedDownloader.Api\Celani.Magic.UnifiedDownloader.Api.csproj", "{57163800-8892-4C54-BC71-275E49AFF49D}"
EndProject
Project("{9A19103F-16F7-4668-BE54-9A1E7A4F7556}") = "Celani.Magic.Downloader.Core", "Celani.Magic.Downloader.Core\Celani.Magic.Downloader.Core.csproj", "{B23C399C-7E21-4259-8B95-F98DF3AD6B2A}"
EndProject
Project("{9A19103F-16F7-4668-BE54-9A1E7A4F7556}") = "Celani.Magic.Downloader.Archidekt", "Celani.Magic.Downloader.Archidekt\Celani.Magic.Downloader.Archidekt.csproj", "{83A55DD4-9F2E-42A0-B884-FCB920C91AC2}"
EndProject
Project("{FAE04EC0-301F-11D3-BF4B-00C04F79EFBC}") = "Celani.Magic.Scryfall", "Celani.Magic.Scryfall\Celani.Magic.Scryfall.csproj", "{674D4A02-D6A6-4B38-9E98-293DC6BD5770}"
EndProject
Project("{FAE04EC0-301F-11D3-BF4B-00C04F79EFBC}") = "Celani.Magic.Downloader.Storage", "Celani.Magic.Downloader.Storage\Celani.Magic.Downloader.Storage.csproj", "{57E0BDF7-CA41-4898-BEE6-6A53C0768B36}"
EndProject
Project("{FAE04EC0-301F-11D3-BF4B-00C04F79EFBC}") = "Celani.Magic.Ingestion.Console", "Celani.Magic.Ingestion.Console\Celani.Magic.Ingestion.Console.csproj", "{3F352471-44ED-4BBF-97CA-9C6D7AC4DD7F}"
EndProject
Project("{FAE04EC0-301F-11D3-BF4B-00C04F79EFBC}") = "Celani.Magic.ML", "Celani.Magic.ML\Celani.Magic.ML.csproj", "{F582F6A5-9FFC-4700-B74D-57680A89A8E3}"
EndProject
Project("{FAE04EC0-301F-11D3-BF4B-00C04F79EFBC}") = "Celani.Magic.Recommender.Web", "Celani.Magic.Recommender.Web\Celani.Magic.Recommender.Web.csproj", "{D87726EB-3A49-4EA3-A53A-38CCCFA6598D}"
EndProject
Global
	GlobalSection(SolutionConfigurationPlatforms) = preSolution
		Debug|Any CPU = Debug|Any CPU
		Release|Any CPU = Release|Any CPU
	EndGlobalSection
	GlobalSection(ProjectConfigurationPlatforms) = postSolution
		{6DFEDE7E-8068-481B-A0ED-A2F4F900BA12}.Debug|Any CPU.ActiveCfg = Debug|Any CPU
		{6DFEDE7E-8068-481B-A0ED-A2F4F900BA12}.Debug|Any CPU.Build.0 = Debug|Any CPU
		{6DFEDE7E-8068-481B-A0ED-A2F4F900BA12}.Release|Any CPU.ActiveCfg = Release|Any CPU
		{6DFEDE7E-8068-481B-A0ED-A2F4F900BA12}.Release|Any CPU.Build.0 = Release|Any CPU
		{B06BF442-F42A-40DF-8429-1E4D1BA204AA}.Debug|Any CPU.ActiveCfg = Debug|Any CPU
		{B06BF442-F42A-40DF-8429-1E4D1BA204AA}.Debug|Any CPU.Build.0 = Debug|Any CPU
		{B06BF442-F42A-40DF-8429-1E4D1BA204AA}.Release|Any CPU.ActiveCfg = Release|Any CPU
		{B06BF442-F42A-40DF-8429-1E4D1BA204AA}.Release|Any CPU.Build.0 = Release|Any CPU
		{57163800-8892-4C54-BC71-275E49AFF49D}.Debug|Any CPU.ActiveCfg = Debug|Any CPU
		{57163800-8892-4C54-BC71-275E49AFF49D}.Debug|Any CPU.Build.0 = Debug|Any CPU
		{57163800-8892-4C54-BC71-275E49AFF49D}.Release|Any CPU.ActiveCfg = Release|Any CPU
		{57163800-8892-4C54-BC71-275E49AFF49D}.Release|Any CPU.Build.0 = Release|Any CPU
		{B23C399C-7E21-4259-8B95-F98DF3AD6B2A}.Debug|Any CPU.ActiveCfg = Debug|Any CPU
		{B23C399C-7E21-4259-8B95-F98DF3AD6B2A}.Debug|Any CPU.Build.0 = Debug|Any CPU
		{B23C399C-7E21-4259-8B95-F98DF3AD6B2A}.Release|Any CPU.ActiveCfg = Release|Any CPU
		{B23C399C-7E21-4259-8B95-F98DF3AD6B2A}.Release|Any CPU.Build.0 = Release|Any CPU
		{83A55DD4-9F2E-42A0-B884-FCB920C91AC2}.Debug|Any CPU.ActiveCfg = Debug|Any CPU
		{83A55DD4-9F2E-42A0-B884-FCB920C91AC2}.Debug|Any CPU.Build.0 = Debug|Any CPU
		{83A55DD4-9F2E-42A0-B884-FCB920C91AC2}.Release|Any CPU.ActiveCfg = Release|Any CPU
		{83A55DD4-9F2E-42A0-B884-FCB920C91AC2}.Release|Any CPU.Build.0 = Release|Any CPU
		{674D4A02-D6A6-4B38-9E98-293DC6BD5770}.Debug|Any CPU.ActiveCfg = Debug|Any CPU
		{674D4A02-D6A6-4B38-9E98-293DC6BD5770}.Debug|Any CPU.Build.0 = Debug|Any CPU
		{674D4A02-D6A6-4B38-9E98-293DC6BD5770}.Release|Any CPU.ActiveCfg = Release|Any CPU
		{674D4A02-D6A6-4B38-9E98-293DC6BD5770}.Release|Any CPU.Build.0 = Release|Any CPU
		{57E0BDF7-CA41-4898-BEE6-6A53C0768B36}.Debug|Any CPU.ActiveCfg = Debug|Any CPU
		{57E0BDF7-CA41-4898-BEE6-6A53C0768B36}.Debug|Any CPU.Build.0 = Debug|Any CPU
		{57E0BDF7-CA41-4898-BEE6-6A53C0768B36}.Release|Any CPU.ActiveCfg = Release|Any CPU
		{57E0BDF7-CA41-4898-BEE6-6A53C0768B36}.Release|Any CPU.Build.0 = Release|Any CPU
		{3F352471-44ED-4BBF-97CA-9C6D7AC4DD7F}.Debug|Any CPU.ActiveCfg = Debug|Any CPU
		{3F352471-44ED-4BBF-97CA-9C6D7AC4DD7F}.Debug|Any CPU.Build.0 = Debug|Any CPU
		{3F352471-44ED-4BBF-97CA-9C6D7AC4DD7F}.Release|Any CPU.ActiveCfg = Release|Any CPU
		{3F352471-44ED-4BBF-97CA-9C6D7AC4DD7F}.Release|Any CPU.Build.0 = Release|Any CPU
		{F582F6A5-9FFC-4700-B74D-57680A89A8E3}.Debug|Any CPU.ActiveCfg = Debug|Any CPU
		{F582F6A5-9FFC-4700-B74D-57680A89A8E3}.Debug|Any CPU.Build.0 = Debug|Any CPU
		{F582F6A5-9FFC-4700-B74D-57680A89A8E3}.Release|Any CPU.ActiveCfg = Release|Any CPU
		{F582F6A5-9FFC-4700-B74D-57680A89A8E3}.Release|Any CPU.Build.0 = Release|Any CPU
		{D87726EB-3A49-4EA3-A53A-38CCCFA6598D}.Debug|Any CPU.ActiveCfg = Debug|Any CPU
		{D87726EB-3A49-4EA3-A53A-38CCCFA6598D}.Debug|Any CPU.Build.0 = Debug|Any CPU
		{D87726EB-3A49-4EA3-A53A-38CCCFA6598D}.Release|Any CPU.ActiveCfg = Release|Any CPU
		{D87726EB-3A49-4EA3-A53A-38CCCFA6598D}.Release|Any CPU.Build.0 = Release|Any CPU
	EndGlobalSection
	GlobalSection(SolutionProperties) = preSolution
		HideSolutionNode = FALSE
	EndGlobalSection
	GlobalSection(ExtensibilityGlobals) = postSolution
		SolutionGuid = {5AD382B7-BDBE-4FB3-B7D6-2F7E7CEDF2B8}
	EndGlobalSection
EndGlobal
